// !$*UTF8*$!
{
	archiveVersion = 1;
	classes = {
	};
	objectVersion = 55;
	objects = {

/* Begin PBXBuildFile section */
		417E55EF28066FED00E2C0D1 /* WhenDoYouSleepWidjetExtension.appex in Embed App Extensions */ = {isa = PBXBuildFile; fileRef = 417E55DE28066FEC00E2C0D1 /* WhenDoYouSleepWidjetExtension.appex */; settings = {ATTRIBUTES = (RemoveHeadersOnCopy, ); }; };
		41F51AAA27FBF6DC0018D209 /* AppDelegate.swift in Sources */ = {isa = PBXBuildFile; fileRef = 41F51AA927FBF6DC0018D209 /* AppDelegate.swift */; };
		41F51AAC27FBF6DC0018D209 /* SceneDelegate.swift in Sources */ = {isa = PBXBuildFile; fileRef = 41F51AAB27FBF6DC0018D209 /* SceneDelegate.swift */; };
		41F51AAE27FBF6DC0018D209 /* ViewController.swift in Sources */ = {isa = PBXBuildFile; fileRef = 41F51AAD27FBF6DC0018D209 /* ViewController.swift */; };
		41F51AB127FBF6DC0018D209 /* Main.storyboard in Resources */ = {isa = PBXBuildFile; fileRef = 41F51AAF27FBF6DC0018D209 /* Main.storyboard */; };
		41F51AB327FBF6DD0018D209 /* Assets.xcassets in Resources */ = {isa = PBXBuildFile; fileRef = 41F51AB227FBF6DD0018D209 /* Assets.xcassets */; };
		41F51AB627FBF6DD0018D209 /* LaunchScreen.storyboard in Resources */ = {isa = PBXBuildFile; fileRef = 41F51AB427FBF6DD0018D209 /* LaunchScreen.storyboard */; };
/* End PBXBuildFile section */

/* Begin PBXContainerItemProxy section */
		417E55ED28066FED00E2C0D1 /* PBXContainerItemProxy */ = {
			isa = PBXContainerItemProxy;
			containerPortal = 41F51A9E27FBF6DC0018D209 /* Project object */;
			proxyType = 1;
			remoteGlobalIDString = 417E55DD28066FEC00E2C0D1;
			remoteInfo = WhenDoYouSleepWidjetExtension;
		};
/* End PBXContainerItemProxy section */

/* Begin PBXCopyFilesBuildPhase section */
		417E55F028066FED00E2C0D1 /* Embed App Extensions */ = {
			isa = PBXCopyFilesBuildPhase;
			buildActionMask = 2147483647;
			dstPath = "";
			dstSubfolderSpec = 13;
			files = (
				417E55EF28066FED00E2C0D1 /* WhenDoYouSleepWidjetExtension.appex in Embed App Extensions */,
			);
			name = "Embed App Extensions";
			runOnlyForDeploymentPostprocessing = 0;
		};
/* End PBXCopyFilesBuildPhase section */

/* Begin PBXFileReference section */
		417E55DE28066FEC00E2C0D1 /* WhenDoYouSleepWidjetExtension.appex */ = {isa = PBXFileReference; explicitFileType = "wrapper.app-extension"; includeInIndex = 0; path = WhenDoYouSleepWidjetExtension.appex; sourceTree = BUILT_PRODUCTS_DIR; };
		41F51AA627FBF6DC0018D209 /* WhenDoYouSleep?.app */ = {isa = PBXFileReference; explicitFileType = wrapper.application; includeInIndex = 0; path = "WhenDoYouSleep?.app"; sourceTree = BUILT_PRODUCTS_DIR; };
		41F51AA927FBF6DC0018D209 /* AppDelegate.swift */ = {isa = PBXFileReference; lastKnownFileType = sourcecode.swift; path = AppDelegate.swift; sourceTree = "<group>"; };
		41F51AAB27FBF6DC0018D209 /* SceneDelegate.swift */ = {isa = PBXFileReference; lastKnownFileType = sourcecode.swift; path = SceneDelegate.swift; sourceTree = "<group>"; };
		41F51AAD27FBF6DC0018D209 /* ViewController.swift */ = {isa = PBXFileReference; lastKnownFileType = sourcecode.swift; path = ViewController.swift; sourceTree = "<group>"; };
		41F51AB027FBF6DC0018D209 /* Base */ = {isa = PBXFileReference; lastKnownFileType = file.storyboard; name = Base; path = Base.lproj/Main.storyboard; sourceTree = "<group>"; };
		41F51AB227FBF6DD0018D209 /* Assets.xcassets */ = {isa = PBXFileReference; lastKnownFileType = folder.assetcatalog; path = Assets.xcassets; sourceTree = "<group>"; };
		41F51AB527FBF6DD0018D209 /* Base */ = {isa = PBXFileReference; lastKnownFileType = file.storyboard; name = Base; path = Base.lproj/LaunchScreen.storyboard; sourceTree = "<group>"; };
		41F51AB727FBF6DD0018D209 /* Info.plist */ = {isa = PBXFileReference; lastKnownFileType = text.plist.xml; path = Info.plist; sourceTree = "<group>"; };
/* End PBXFileReference section */

/* Begin PBXFrameworksBuildPhase section */
		417E55DB28066FEC00E2C0D1 /* Frameworks */ = {
			isa = PBXFrameworksBuildPhase;
			buildActionMask = 2147483647;
			files = (
			);
			runOnlyForDeploymentPostprocessing = 0;
		};
		41F51AA327FBF6DC0018D209 /* Frameworks */ = {
			isa = PBXFrameworksBuildPhase;
			buildActionMask = 2147483647;
			files = (
			);
			runOnlyForDeploymentPostprocessing = 0;
		};
/* End PBXFrameworksBuildPhase section */

/* Begin PBXGroup section */
		41F51A9D27FBF6DC0018D209 = {
			isa = PBXGroup;
			children = (
				41F51AA827FBF6DC0018D209 /* WhenDoYouSleep? */,
				41F51AA727FBF6DC0018D209 /* Products */,
			);
			sourceTree = "<group>";
		};
		41F51AA727FBF6DC0018D209 /* Products */ = {
			isa = PBXGroup;
			children = (
				41F51AA627FBF6DC0018D209 /* WhenDoYouSleep?.app */,
				417E55DE28066FEC00E2C0D1 /* WhenDoYouSleepWidjetExtension.appex */,
			);
			name = Products;
			sourceTree = "<group>";
		};
		41F51AA827FBF6DC0018D209 /* WhenDoYouSleep? */ = {
			isa = PBXGroup;
			children = (
				41F51AA927FBF6DC0018D209 /* AppDelegate.swift */,
				41F51AAB27FBF6DC0018D209 /* SceneDelegate.swift */,
				41F51AAD27FBF6DC0018D209 /* ViewController.swift */,
				41F51AAF27FBF6DC0018D209 /* Main.storyboard */,
				41F51AB227FBF6DD0018D209 /* Assets.xcassets */,
				41F51AB427FBF6DD0018D209 /* LaunchScreen.storyboard */,
				41F51AB727FBF6DD0018D209 /* Info.plist */,
			);
			path = "WhenDoYouSleep?";
			sourceTree = "<group>";
		};
/* End PBXGroup section */

/* Begin PBXNativeTarget section */
		417E55DD28066FEC00E2C0D1 /* WhenDoYouSleepWidjetExtension */ = {
			isa = PBXNativeTarget;
			buildConfigurationList = 417E55F328066FED00E2C0D1 /* Build configuration list for PBXNativeTarget "WhenDoYouSleepWidjetExtension" */;
			buildPhases = (
				417E55DA28066FEC00E2C0D1 /* Sources */,
				417E55DB28066FEC00E2C0D1 /* Frameworks */,
				417E55DC28066FEC00E2C0D1 /* Resources */,
			);
			buildRules = (
			);
			dependencies = (
			);
			name = WhenDoYouSleepWidjetExtension;
			productName = WhenDoYouSleepWidjetExtension;
			productReference = 417E55DE28066FEC00E2C0D1 /* WhenDoYouSleepWidjetExtension.appex */;
			productType = "com.apple.product-type.app-extension";
		};
		41F51AA527FBF6DC0018D209 /* WhenDoYouSleep? */ = {
			isa = PBXNativeTarget;
			buildConfigurationList = 41F51ABA27FBF6DD0018D209 /* Build configuration list for PBXNativeTarget "WhenDoYouSleep?" */;
			buildPhases = (
				41F51AA227FBF6DC0018D209 /* Sources */,
				41F51AA327FBF6DC0018D209 /* Frameworks */,
				41F51AA427FBF6DC0018D209 /* Resources */,
				417E55F028066FED00E2C0D1 /* Embed App Extensions */,
			);
			buildRules = (
			);
			dependencies = (
				417E55EE28066FED00E2C0D1 /* PBXTargetDependency */,
			);
			name = "WhenDoYouSleep?";
			productName = "WhenDoYouSleep?";
			productReference = 41F51AA627FBF6DC0018D209 /* WhenDoYouSleep?.app */;
			productType = "com.apple.product-type.application";
		};
/* End PBXNativeTarget section */

/* Begin PBXProject section */
		41F51A9E27FBF6DC0018D209 /* Project object */ = {
			isa = PBXProject;
			attributes = {
				BuildIndependentTargetsInParallel = 1;
				LastSwiftUpdateCheck = 1330;
				LastUpgradeCheck = 1330;
				TargetAttributes = {
					417E55DD28066FEC00E2C0D1 = {
						CreatedOnToolsVersion = 13.3;
					};
					41F51AA527FBF6DC0018D209 = {
						CreatedOnToolsVersion = 13.3;
					};
				};
			};
			buildConfigurationList = 41F51AA127FBF6DC0018D209 /* Build configuration list for PBXProject "WhenDoYouSleep?" */;
			compatibilityVersion = "Xcode 13.0";
			developmentRegion = en;
			hasScannedForEncodings = 0;
			knownRegions = (
				en,
				Base,
			);
			mainGroup = 41F51A9D27FBF6DC0018D209;
			productRefGroup = 41F51AA727FBF6DC0018D209 /* Products */;
			projectDirPath = "";
			projectRoot = "";
			targets = (
				41F51AA527FBF6DC0018D209 /* WhenDoYouSleep? */,
				417E55DD28066FEC00E2C0D1 /* WhenDoYouSleepWidjetExtension */,
			);
		};
/* End PBXProject section */

/* Begin PBXResourcesBuildPhase section */
		417E55DC28066FEC00E2C0D1 /* Resources */ = {
			isa = PBXResourcesBuildPhase;
			buildActionMask = 2147483647;
			files = (
			);
			runOnlyForDeploymentPostprocessing = 0;
		};
		41F51AA427FBF6DC0018D209 /* Resources */ = {
			isa = PBXResourcesBuildPhase;
			buildActionMask = 2147483647;
			files = (
				41F51AB627FBF6DD0018D209 /* LaunchScreen.storyboard in Resources */,
				41F51AB327FBF6DD0018D209 /* Assets.xcassets in Resources */,
				41F51AB127FBF6DC0018D209 /* Main.storyboard in Resources */,
			);
			runOnlyForDeploymentPostprocessing = 0;
		};
/* End PBXResourcesBuildPhase section */

/* Begin PBXSourcesBuildPhase section */
		417E55DA28066FEC00E2C0D1 /* Sources */ = {
			isa = PBXSourcesBuildPhase;
			buildActionMask = 2147483647;
			files = (
			);
			runOnlyForDeploymentPostprocessing = 0;
		};
		41F51AA227FBF6DC0018D209 /* Sources */ = {
			isa = PBXSourcesBuildPhase;
			buildActionMask = 2147483647;
			files = (
				41F51AAE27FBF6DC0018D209 /* ViewController.swift in Sources */,
				41F51AAA27FBF6DC0018D209 /* AppDelegate.swift in Sources */,
				41F51AAC27FBF6DC0018D209 /* SceneDelegate.swift in Sources */,
			);
			runOnlyForDeploymentPostprocessing = 0;
		};
/* End PBXSourcesBuildPhase section */

/* Begin PBXTargetDependency section */
		417E55EE28066FED00E2C0D1 /* PBXTargetDependency */ = {
			isa = PBXTargetDependency;
			target = 417E55DD28066FEC00E2C0D1 /* WhenDoYouSleepWidjetExtension */;
			targetProxy = 417E55ED28066FED00E2C0D1 /* PBXContainerItemProxy */;
		};
/* End PBXTargetDependency section */

/* Begin PBXVariantGroup section */
		41F51AAF27FBF6DC0018D209 /* Main.storyboard */ = {
			isa = PBXVariantGroup;
			children = (
				41F51AB027FBF6DC0018D209 /* Base */,
			);
			name = Main.storyboard;
			sourceTree = "<group>";
		};
		41F51AB427FBF6DD0018D209 /* LaunchScreen.storyboard */ = {
			isa = PBXVariantGroup;
			children = (
				41F51AB527FBF6DD0018D209 /* Base */,
			);
			name = LaunchScreen.storyboard;
			sourceTree = "<group>";
		};
/* End PBXVariantGroup section */

/* Begin XCBuildConfiguration section */
		417E55F128066FED00E2C0D1 /* Debug */ = {
			isa = XCBuildConfiguration;
			buildSettings = {
				ASSETCATALOG_COMPILER_GLOBAL_ACCENT_COLOR_NAME = AccentColor;
				ASSETCATALOG_COMPILER_WIDGET_BACKGROUND_COLOR_NAME = WidgetBackground;
				CODE_SIGN_STYLE = Automatic;
				CURRENT_PROJECT_VERSION = 1;
				DEVELOPMENT_TEAM = ZADA25JZ4A;
				GENERATE_INFOPLIST_FILE = YES;
				INFOPLIST_FILE = WhenDoYouSleepWidjet/Info.plist;
				INFOPLIST_KEY_CFBundleDisplayName = WhenDoYouSleepWidjet;
				INFOPLIST_KEY_NSHumanReadableCopyright = "";
				LD_RUNPATH_SEARCH_PATHS = (
					"$(inherited)",
					"@executable_path/Frameworks",
					"@executable_path/../../Frameworks",
				);
				MARKETING_VERSION = 1.0;
				PRODUCT_BUNDLE_IDENTIFIER = "com.YourCompany.WhenDoYouSleep-.WhenDoYouSleepWidjet";
				PRODUCT_NAME = "$(TARGET_NAME)";
				SKIP_INSTALL = YES;
				SWIFT_EMIT_LOC_STRINGS = YES;
				SWIFT_VERSION = 5.0;
				TARGETED_DEVICE_FAMILY = "1,2";
			};
			name = Debug;
		};
		417E55F228066FED00E2C0D1 /* Release */ = {
			isa = XCBuildConfiguration;
			buildSettings = {
				ASSETCATALOG_COMPILER_GLOBAL_ACCENT_COLOR_NAME = AccentColor;
				ASSETCATALOG_COMPILER_WIDGET_BACKGROUND_COLOR_NAME = WidgetBackground;
				CODE_SIGN_STYLE = Automatic;
				CURRENT_PROJECT_VERSION = 1;
				DEVELOPMENT_TEAM = ZADA25JZ4A;
				GENERATE_INFOPLIST_FILE = YES;
				INFOPLIST_FILE = WhenDoYouSleepWidjet/Info.plist;
				INFOPLIST_KEY_CFBundleDisplayName = WhenDoYouSleepWidjet;
				INFOPLIST_KEY_NSHumanReadableCopyright = "";
				LD_RUNPATH_SEARCH_PATHS = (
					"$(inherited)",
					"@executable_path/Frameworks",
					"@executable_path/../../Frameworks",
				);
				MARKETING_VERSION = 1.0;
				PRODUCT_BUNDLE_IDENTIFIER = "com.YourCompany.WhenDoYouSleep-.WhenDoYouSleepWidjet";
				PRODUCT_NAME = "$(TARGET_NAME)";
				SKIP_INSTALL = YES;
				SWIFT_EMIT_LOC_STRINGS = YES;
				SWIFT_VERSION = 5.0;
				TARGETED_DEVICE_FAMILY = "1,2";
			};
			name = Release;
		};
		41F51AB827FBF6DD0018D209 /* Debug */ = {
			isa = XCBuildConfiguration;
			buildSettings = {
				ALWAYS_SEARCH_USER_PATHS = NO;
				CLANG_ANALYZER_NONNULL = YES;
				CLANG_ANALYZER_NUMBER_OBJECT_CONVERSION = YES_AGGRESSIVE;
				CLANG_CXX_LANGUAGE_STANDARD = "gnu++17";
				CLANG_ENABLE_MODULES = YES;
				CLANG_ENABLE_OBJC_ARC = YES;
				CLANG_ENABLE_OBJC_WEAK = YES;
				CLANG_WARN_BLOCK_CAPTURE_AUTORELEASING = YES;
				CLANG_WARN_BOOL_CONVERSION = YES;
				CLANG_WARN_COMMA = YES;
				CLANG_WARN_CONSTANT_CONVERSION = YES;
				CLANG_WARN_DEPRECATED_OBJC_IMPLEMENTATIONS = YES;
				CLANG_WARN_DIRECT_OBJC_ISA_USAGE = YES_ERROR;
				CLANG_WARN_DOCUMENTATION_COMMENTS = YES;
				CLANG_WARN_EMPTY_BODY = YES;
				CLANG_WARN_ENUM_CONVERSION = YES;
				CLANG_WARN_INFINITE_RECURSION = YES;
				CLANG_WARN_INT_CONVERSION = YES;
				CLANG_WARN_NON_LITERAL_NULL_CONVERSION = YES;
				CLANG_WARN_OBJC_IMPLICIT_RETAIN_SELF = YES;
				CLANG_WARN_OBJC_LITERAL_CONVERSION = YES;
				CLANG_WARN_OBJC_ROOT_CLASS = YES_ERROR;
				CLANG_WARN_QUOTED_INCLUDE_IN_FRAMEWORK_HEADER = YES;
				CLANG_WARN_RANGE_LOOP_ANALYSIS = YES;
				CLANG_WARN_STRICT_PROTOTYPES = YES;
				CLANG_WARN_SUSPICIOUS_MOVE = YES;
				CLANG_WARN_UNGUARDED_AVAILABILITY = YES_AGGRESSIVE;
				CLANG_WARN_UNREACHABLE_CODE = YES;
				CLANG_WARN__DUPLICATE_METHOD_MATCH = YES;
				COPY_PHASE_STRIP = NO;
				DEBUG_INFORMATION_FORMAT = dwarf;
				ENABLE_STRICT_OBJC_MSGSEND = YES;
				ENABLE_TESTABILITY = YES;
				GCC_C_LANGUAGE_STANDARD = gnu11;
				GCC_DYNAMIC_NO_PIC = NO;
				GCC_NO_COMMON_BLOCKS = YES;
				GCC_OPTIMIZATION_LEVEL = 0;
				GCC_PREPROCESSOR_DEFINITIONS = (
					"DEBUG=1",
					"$(inherited)",
				);
				GCC_WARN_64_TO_32_BIT_CONVERSION = YES;
				GCC_WARN_ABOUT_RETURN_TYPE = YES_ERROR;
				GCC_WARN_UNDECLARED_SELECTOR = YES;
				GCC_WARN_UNINITIALIZED_AUTOS = YES_AGGRESSIVE;
				GCC_WARN_UNUSED_FUNCTION = YES;
				GCC_WARN_UNUSED_VARIABLE = YES;
				IPHONEOS_DEPLOYMENT_TARGET = 15.4;
				MTL_ENABLE_DEBUG_INFO = INCLUDE_SOURCE;
				MTL_FAST_MATH = YES;
				ONLY_ACTIVE_ARCH = YES;
				SDKROOT = iphoneos;
				SWIFT_ACTIVE_COMPILATION_CONDITIONS = DEBUG;
				SWIFT_OPTIMIZATION_LEVEL = "-Onone";
			};
			name = Debug;
		};
		41F51AB927FBF6DD0018D209 /* Release */ = {
			isa = XCBuildConfiguration;
			buildSettings = {
				ALWAYS_SEARCH_USER_PATHS = NO;
				CLANG_ANALYZER_NONNULL = YES;
				CLANG_ANALYZER_NUMBER_OBJECT_CONVERSION = YES_AGGRESSIVE;
				CLANG_CXX_LANGUAGE_STANDARD = "gnu++17";
				CLANG_ENABLE_MODULES = YES;
				CLANG_ENABLE_OBJC_ARC = YES;
				CLANG_ENABLE_OBJC_WEAK = YES;
				CLANG_WARN_BLOCK_CAPTURE_AUTORELEASING = YES;
				CLANG_WARN_BOOL_CONVERSION = YES;
				CLANG_WARN_COMMA = YES;
				CLANG_WARN_CONSTANT_CONVERSION = YES;
				CLANG_WARN_DEPRECATED_OBJC_IMPLEMENTATIONS = YES;
				CLANG_WARN_DIRECT_OBJC_ISA_USAGE = YES_ERROR;
				CLANG_WARN_DOCUMENTATION_COMMENTS = YES;
				CLANG_WARN_EMPTY_BODY = YES;
				CLANG_WARN_ENUM_CONVERSION = YES;
				CLANG_WARN_INFINITE_RECURSION = YES;
				CLANG_WARN_INT_CONVERSION = YES;
				CLANG_WARN_NON_LITERAL_NULL_CONVERSION = YES;
				CLANG_WARN_OBJC_IMPLICIT_RETAIN_SELF = YES;
				CLANG_WARN_OBJC_LITERAL_CONVERSION = YES;
				CLANG_WARN_OBJC_ROOT_CLASS = YES_ERROR;
				CLANG_WARN_QUOTED_INCLUDE_IN_FRAMEWORK_HEADER = YES;
				CLANG_WARN_RANGE_LOOP_ANALYSIS = YES;
				CLANG_WARN_STRICT_PROTOTYPES = YES;
				CLANG_WARN_SUSPICIOUS_MOVE = YES;
				CLANG_WARN_UNGUARDED_AVAILABILITY = YES_AGGRESSIVE;
				CLANG_WARN_UNREACHABLE_CODE = YES;
				CLANG_WARN__DUPLICATE_METHOD_MATCH = YES;
				COPY_PHASE_STRIP = NO;
				DEBUG_INFORMATION_FORMAT = "dwarf-with-dsym";
				ENABLE_NS_ASSERTIONS = NO;
				ENABLE_STRICT_OBJC_MSGSEND = YES;
				GCC_C_LANGUAGE_STANDARD = gnu11;
				GCC_NO_COMMON_BLOCKS = YES;
				GCC_WARN_64_TO_32_BIT_CONVERSION = YES;
				GCC_WARN_ABOUT_RETURN_TYPE = YES_ERROR;
				GCC_WARN_UNDECLARED_SELECTOR = YES;
				GCC_WARN_UNINITIALIZED_AUTOS = YES_AGGRESSIVE;
				GCC_WARN_UNUSED_FUNCTION = YES;
				GCC_WARN_UNUSED_VARIABLE = YES;
				IPHONEOS_DEPLOYMENT_TARGET = 15.4;
				MTL_ENABLE_DEBUG_INFO = NO;
				MTL_FAST_MATH = YES;
				SDKROOT = iphoneos;
				SWIFT_COMPILATION_MODE = wholemodule;
				SWIFT_OPTIMIZATION_LEVEL = "-O";
				VALIDATE_PRODUCT = YES;
			};
			name = Release;
		};
		41F51ABB27FBF6DD0018D209 /* Debug */ = {
			isa = XCBuildConfiguration;
			buildSettings = {
				ASSETCATALOG_COMPILER_APPICON_NAME = AppIcon;
				ASSETCATALOG_COMPILER_GLOBAL_ACCENT_COLOR_NAME = AccentColor;
				CODE_SIGN_STYLE = Automatic;
				CURRENT_PROJECT_VERSION = 1;
				DEVELOPMENT_TEAM = ZADA25JZ4A;
				GENERATE_INFOPLIST_FILE = YES;
				INFOPLIST_FILE = "WhenDoYouSleep?/Info.plist";
				INFOPLIST_KEY_CFBundleDisplayName = "WhenDoYouSleep?";
				INFOPLIST_KEY_UIApplicationSupportsIndirectInputEvents = YES;
				INFOPLIST_KEY_UILaunchStoryboardName = LaunchScreen;
				INFOPLIST_KEY_UIMainStoryboardFile = Main;
				INFOPLIST_KEY_UISupportedInterfaceOrientations_iPad = "UIInterfaceOrientationPortrait UIInterfaceOrientationPortraitUpsideDown UIInterfaceOrientationLandscapeLeft UIInterfaceOrientationLandscapeRight";
				INFOPLIST_KEY_UISupportedInterfaceOrientations_iPhone = "UIInterfaceOrientationPortrait UIInterfaceOrientationLandscapeLeft UIInterfaceOrientationLandscapeRight";
				LD_RUNPATH_SEARCH_PATHS = (
					"$(inherited)",
					"@executable_path/Frameworks",
				);
				MARKETING_VERSION = 1.0;
				PRODUCT_BUNDLE_IDENTIFIER = "com.YourCompany.WhenDoYouSleep-";
				PRODUCT_NAME = "$(TARGET_NAME)";
				SWIFT_EMIT_LOC_STRINGS = YES;
				SWIFT_VERSION = 5.0;
				TARGETED_DEVICE_FAMILY = 1;
			};
			name = Debug;
		};
		41F51ABC27FBF6DD0018D209 /* Release */ = {
			isa = XCBuildConfiguration;
			buildSettings = {
				ASSETCATALOG_COMPILER_APPICON_NAME = AppIcon;
				ASSETCATALOG_COMPILER_GLOBAL_ACCENT_COLOR_NAME = AccentColor;
				CODE_SIGN_STYLE = Automatic;
				CURRENT_PROJECT_VERSION = 1;
				DEVELOPMENT_TEAM = ZADA25JZ4A;
				GENERATE_INFOPLIST_FILE = YES;
				INFOPLIST_FILE = "WhenDoYouSleep?/Info.plist";
				INFOPLIST_KEY_CFBundleDisplayName = "WhenDoYouSleep?";
				INFOPLIST_KEY_UIApplicationSupportsIndirectInputEvents = YES;
				INFOPLIST_KEY_UILaunchStoryboardName = LaunchScreen;
				INFOPLIST_KEY_UIMainStoryboardFile = Main;
				INFOPLIST_KEY_UISupportedInterfaceOrientations_iPad = "UIInterfaceOrientationPortrait UIInterfaceOrientationPortraitUpsideDown UIInterfaceOrientationLandscapeLeft UIInterfaceOrientationLandscapeRight";
				INFOPLIST_KEY_UISupportedInterfaceOrientations_iPhone = "UIInterfaceOrientationPortrait UIInterfaceOrientationLandscapeLeft UIInterfaceOrientationLandscapeRight";
				LD_RUNPATH_SEARCH_PATHS = (
					"$(inherited)",
					"@executable_path/Frameworks",
				);
				MARKETING_VERSION = 1.0;
				PRODUCT_BUNDLE_IDENTIFIER = "com.YourCompany.WhenDoYouSleep-";
				PRODUCT_NAME = "$(TARGET_NAME)";
				SWIFT_EMIT_LOC_STRINGS = YES;
				SWIFT_VERSION = 5.0;
				TARGETED_DEVICE_FAMILY = 1;
			};
			name = Release;
		};
/* End XCBuildConfiguration section */

/* Begin XCConfigurationList section */
		417E55F328066FED00E2C0D1 /* Build configuration list for PBXNativeTarget "WhenDoYouSleepWidjetExtension" */ = {
			isa = XCConfigurationList;
			buildConfigurations = (
				417E55F128066FED00E2C0D1 /* Debug */,
				417E55F228066FED00E2C0D1 /* Release */,
			);
			defaultConfigurationIsVisible = 0;
			defaultConfigurationName = Release;
		};
		41F51AA127FBF6DC0018D209 /* Build configuration list for PBXProject "WhenDoYouSleep?" */ = {
			isa = XCConfigurationList;
			buildConfigurations = (
				41F51AB827FBF6DD0018D209 /* Debug */,
				41F51AB927FBF6DD0018D209 /* Release */,
			);
			defaultConfigurationIsVisible = 0;
			defaultConfigurationName = Release;
		};
		41F51ABA27FBF6DD0018D209 /* Build configuration list for PBXNativeTarget "WhenDoYouSleep?" */ = {
			isa = XCConfigurationList;
			buildConfigurations = (
				41F51ABB27FBF6DD0018D209 /* Debug */,
				41F51ABC27FBF6DD0018D209 /* Release */,
			);
			defaultConfigurationIsVisible = 0;
			defaultConfigurationName = Release;
		};
/* End XCConfigurationList section */
	};
	rootObject = 41F51A9E27FBF6DC0018D209 /* Project object */;
}
