// !$*UTF8*$!
{
	archiveVersion = 1;
	classes = {
	};
	objectVersion = 55;
	objects = {

/* Begin PBXBuildFile section */
		4135CAD2280D0344006BA432 /* AppDelegate.swift in Sources */ = {isa = PBXBuildFile; fileRef = 4135CAD1280D0344006BA432 /* AppDelegate.swift */; };
		4135CAD4280D0344006BA432 /* SceneDelegate.swift in Sources */ = {isa = PBXBuildFile; fileRef = 4135CAD3280D0344006BA432 /* SceneDelegate.swift */; };
		4135CAD6280D0344006BA432 /* ViewController.swift in Sources */ = {isa = PBXBuildFile; fileRef = 4135CAD5280D0344006BA432 /* ViewController.swift */; };
		4135CAD9280D0344006BA432 /* Main.storyboard in Resources */ = {isa = PBXBuildFile; fileRef = 4135CAD7280D0344006BA432 /* Main.storyboard */; };
		4135CADB280D0347006BA432 /* Assets.xcassets in Resources */ = {isa = PBXBuildFile; fileRef = 4135CADA280D0347006BA432 /* Assets.xcassets */; };
		4135CADE280D0347006BA432 /* LaunchScreen.storyboard in Resources */ = {isa = PBXBuildFile; fileRef = 4135CADC280D0347006BA432 /* LaunchScreen.storyboard */; };
		4135CAE6280D0456006BA432 /* EncryptoViewController.swift in Sources */ = {isa = PBXBuildFile; fileRef = 4135CAE5280D0456006BA432 /* EncryptoViewController.swift */; };
		4135CAEE280D3012006BA432 /* extension-UIView.swift in Sources */ = {isa = PBXBuildFile; fileRef = 4135CAED280D3012006BA432 /* extension-UIView.swift */; };
		4135CAF4280D34A7006BA432 /* EncryptoCollectionViewCell.swift in Sources */ = {isa = PBXBuildFile; fileRef = 4135CAF2280D34A7006BA432 /* EncryptoCollectionViewCell.swift */; };
		4135CAF5280D34A7006BA432 /* EncryptoCollectionViewCell.xib in Resources */ = {isa = PBXBuildFile; fileRef = 4135CAF3280D34A7006BA432 /* EncryptoCollectionViewCell.xib */; };
		4176E576280DC25F00673FE1 /* CaesarViewController.swift in Sources */ = {isa = PBXBuildFile; fileRef = 4176E575280DC25F00673FE1 /* CaesarViewController.swift */; };
/* End PBXBuildFile section */

/* Begin PBXFileReference section */
		4135CACE280D0344006BA432 /* Cripto Collection.app */ = {isa = PBXFileReference; explicitFileType = wrapper.application; includeInIndex = 0; path = "Cripto Collection.app"; sourceTree = BUILT_PRODUCTS_DIR; };
		4135CAD1280D0344006BA432 /* AppDelegate.swift */ = {isa = PBXFileReference; lastKnownFileType = sourcecode.swift; path = AppDelegate.swift; sourceTree = "<group>"; };
		4135CAD3280D0344006BA432 /* SceneDelegate.swift */ = {isa = PBXFileReference; lastKnownFileType = sourcecode.swift; path = SceneDelegate.swift; sourceTree = "<group>"; };
		4135CAD5280D0344006BA432 /* ViewController.swift */ = {isa = PBXFileReference; lastKnownFileType = sourcecode.swift; path = ViewController.swift; sourceTree = "<group>"; };
		4135CAD8280D0344006BA432 /* Base */ = {isa = PBXFileReference; lastKnownFileType = file.storyboard; name = Base; path = Base.lproj/Main.storyboard; sourceTree = "<group>"; };
		4135CADA280D0347006BA432 /* Assets.xcassets */ = {isa = PBXFileReference; lastKnownFileType = folder.assetcatalog; path = Assets.xcassets; sourceTree = "<group>"; };
		4135CADD280D0347006BA432 /* Base */ = {isa = PBXFileReference; lastKnownFileType = file.storyboard; name = Base; path = Base.lproj/LaunchScreen.storyboard; sourceTree = "<group>"; };
		4135CADF280D0347006BA432 /* Info.plist */ = {isa = PBXFileReference; lastKnownFileType = text.plist.xml; path = Info.plist; sourceTree = "<group>"; };
		4135CAE5280D0456006BA432 /* EncryptoViewController.swift */ = {isa = PBXFileReference; lastKnownFileType = sourcecode.swift; path = EncryptoViewController.swift; sourceTree = "<group>"; };
		4135CAED280D3012006BA432 /* extension-UIView.swift */ = {isa = PBXFileReference; lastKnownFileType = sourcecode.swift; path = "extension-UIView.swift"; sourceTree = "<group>"; };
		4135CAF2280D34A7006BA432 /* EncryptoCollectionViewCell.swift */ = {isa = PBXFileReference; lastKnownFileType = sourcecode.swift; path = EncryptoCollectionViewCell.swift; sourceTree = "<group>"; };
		4135CAF3280D34A7006BA432 /* EncryptoCollectionViewCell.xib */ = {isa = PBXFileReference; lastKnownFileType = file.xib; path = EncryptoCollectionViewCell.xib; sourceTree = "<group>"; };
		4176E575280DC25F00673FE1 /* CaesarViewController.swift */ = {isa = PBXFileReference; lastKnownFileType = sourcecode.swift; path = CaesarViewController.swift; sourceTree = "<group>"; };
/* End PBXFileReference section */

/* Begin PBXFrameworksBuildPhase section */
		4135CACB280D0344006BA432 /* Frameworks */ = {
			isa = PBXFrameworksBuildPhase;
			buildActionMask = 2147483647;
			files = (
			);
			runOnlyForDeploymentPostprocessing = 0;
		};
/* End PBXFrameworksBuildPhase section */

/* Begin PBXGroup section */
		4135CAC5280D0344006BA432 = {
			isa = PBXGroup;
			children = (
				4135CAD0280D0344006BA432 /* Cripto Collection */,
				4135CACF280D0344006BA432 /* Products */,
			);
			sourceTree = "<group>";
		};
		4135CACF280D0344006BA432 /* Products */ = {
			isa = PBXGroup;
			children = (
				4135CACE280D0344006BA432 /* Cripto Collection.app */,
			);
			name = Products;
			sourceTree = "<group>";
		};
		4135CAD0280D0344006BA432 /* Cripto Collection */ = {
			isa = PBXGroup;
			children = (
				4135CAD1280D0344006BA432 /* AppDelegate.swift */,
				4135CAD3280D0344006BA432 /* SceneDelegate.swift */,
				4135CAD5280D0344006BA432 /* ViewController.swift */,
				4135CAD7280D0344006BA432 /* Main.storyboard */,
				4135CADA280D0347006BA432 /* Assets.xcassets */,
				4135CADC280D0347006BA432 /* LaunchScreen.storyboard */,
				4135CADF280D0347006BA432 /* Info.plist */,
				4135CAE5280D0456006BA432 /* EncryptoViewController.swift */,
				4135CAED280D3012006BA432 /* extension-UIView.swift */,
				4176E575280DC25F00673FE1 /* CaesarViewController.swift */,
				4135CAE7280D29F3006BA432 /* Encrypto */,
			);
			path = "Cripto Collection";
			sourceTree = "<group>";
		};
		4135CAE7280D29F3006BA432 /* Encrypto */ = {
			isa = PBXGroup;
			children = (
				4135CAF2280D34A7006BA432 /* EncryptoCollectionViewCell.swift */,
				4135CAF3280D34A7006BA432 /* EncryptoCollectionViewCell.xib */,
			);
			path = Encrypto;
			sourceTree = "<group>";
		};
/* End PBXGroup section */

/* Begin PBXNativeTarget section */
		4135CACD280D0344006BA432 /* Cripto Collection */ = {
			isa = PBXNativeTarget;
			buildConfigurationList = 4135CAE2280D0347006BA432 /* Build configuration list for PBXNativeTarget "Cripto Collection" */;
			buildPhases = (
				4135CACA280D0344006BA432 /* Sources */,
				4135CACB280D0344006BA432 /* Frameworks */,
				4135CACC280D0344006BA432 /* Resources */,
			);
			buildRules = (
			);
			dependencies = (
			);
			name = "Cripto Collection";
			productName = "Cripto Collection";
			productReference = 4135CACE280D0344006BA432 /* Cripto Collection.app */;
			productType = "com.apple.product-type.application";
		};
/* End PBXNativeTarget section */

/* Begin PBXProject section */
		4135CAC6280D0344006BA432 /* Project object */ = {
			isa = PBXProject;
			attributes = {
				BuildIndependentTargetsInParallel = 1;
				LastSwiftUpdateCheck = 1330;
				LastUpgradeCheck = 1330;
				TargetAttributes = {
					4135CACD280D0344006BA432 = {
						CreatedOnToolsVersion = 13.3.1;
					};
				};
			};
			buildConfigurationList = 4135CAC9280D0344006BA432 /* Build configuration list for PBXProject "Cripto Collection" */;
			compatibilityVersion = "Xcode 13.0";
			developmentRegion = en;
			hasScannedForEncodings = 0;
			knownRegions = (
				en,
				Base,
			);
			mainGroup = 4135CAC5280D0344006BA432;
			productRefGroup = 4135CACF280D0344006BA432 /* Products */;
			projectDirPath = "";
			projectRoot = "";
			targets = (
				4135CACD280D0344006BA432 /* Cripto Collection */,
			);
		};
/* End PBXProject section */

/* Begin PBXResourcesBuildPhase section */
		4135CACC280D0344006BA432 /* Resources */ = {
			isa = PBXResourcesBuildPhase;
			buildActionMask = 2147483647;
			files = (
				4135CADE280D0347006BA432 /* LaunchScreen.storyboard in Resources */,
				4135CADB280D0347006BA432 /* Assets.xcassets in Resources */,
				4135CAF5280D34A7006BA432 /* EncryptoCollectionViewCell.xib in Resources */,
				4135CAD9280D0344006BA432 /* Main.storyboard in Resources */,
			);
			runOnlyForDeploymentPostprocessing = 0;
		};
/* End PBXResourcesBuildPhase section */

/* Begin PBXSourcesBuildPhase section */
		4135CACA280D0344006BA432 /* Sources */ = {
			isa = PBXSourcesBuildPhase;
			buildActionMask = 2147483647;
			files = (
				4135CAD6280D0344006BA432 /* ViewController.swift in Sources */,
				4135CAD2280D0344006BA432 /* AppDelegate.swift in Sources */,
				4135CAEE280D3012006BA432 /* extension-UIView.swift in Sources */,
				4135CAE6280D0456006BA432 /* EncryptoViewController.swift in Sources */,
				4135CAF4280D34A7006BA432 /* EncryptoCollectionViewCell.swift in Sources */,
				4176E576280DC25F00673FE1 /* CaesarViewController.swift in Sources */,
				4135CAD4280D0344006BA432 /* SceneDelegate.swift in Sources */,
			);
			runOnlyForDeploymentPostprocessing = 0;
		};
/* End PBXSourcesBuildPhase section */

/* Begin PBXVariantGroup section */
		4135CAD7280D0344006BA432 /* Main.storyboard */ = {
			isa = PBXVariantGroup;
			children = (
				4135CAD8280D0344006BA432 /* Base */,
			);
			name = Main.storyboard;
			sourceTree = "<group>";
		};
		4135CADC280D0347006BA432 /* LaunchScreen.storyboard */ = {
			isa = PBXVariantGroup;
			children = (
				4135CADD280D0347006BA432 /* Base */,
			);
			name = LaunchScreen.storyboard;
			sourceTree = "<group>";
		};
/* End PBXVariantGroup section */

/* Begin XCBuildConfiguration section */
		4135CAE0280D0347006BA432 /* Debug */ = {
			isa = XCBuildConfiguration;
			buildSettings = {
				ALWAYS_SEARCH_USER_PATHS = NO;
				CLANG_ANALYZER_NONNULL = YES;
				CLANG_ANALYZER_NUMBER_OBJECT_CONVERSION = YES_AGGRESSIVE;
				CLANG_CXX_LANGUAGE_STANDARD = "gnu++17";
				CLANG_ENABLE_MODULES = YES;
				CLANG_ENABLE_OBJC_ARC = YES;
				CLANG_ENABLE_OBJC_WEAK = YES;
				CLANG_WARN_BLOCK_CAPTURE_AUTORELEASING = YES;
				CLANG_WARN_BOOL_CONVERSION = YES;
				CLANG_WARN_COMMA = YES;
				CLANG_WARN_CONSTANT_CONVERSION = YES;
				CLANG_WARN_DEPRECATED_OBJC_IMPLEMENTATIONS = YES;
				CLANG_WARN_DIRECT_OBJC_ISA_USAGE = YES_ERROR;
				CLANG_WARN_DOCUMENTATION_COMMENTS = YES;
				CLANG_WARN_EMPTY_BODY = YES;
				CLANG_WARN_ENUM_CONVERSION = YES;
				CLANG_WARN_INFINITE_RECURSION = YES;
				CLANG_WARN_INT_CONVERSION = YES;
				CLANG_WARN_NON_LITERAL_NULL_CONVERSION = YES;
				CLANG_WARN_OBJC_IMPLICIT_RETAIN_SELF = YES;
				CLANG_WARN_OBJC_LITERAL_CONVERSION = YES;
				CLANG_WARN_OBJC_ROOT_CLASS = YES_ERROR;
				CLANG_WARN_QUOTED_INCLUDE_IN_FRAMEWORK_HEADER = YES;
				CLANG_WARN_RANGE_LOOP_ANALYSIS = YES;
				CLANG_WARN_STRICT_PROTOTYPES = YES;
				CLANG_WARN_SUSPICIOUS_MOVE = YES;
				CLANG_WARN_UNGUARDED_AVAILABILITY = YES_AGGRESSIVE;
				CLANG_WARN_UNREACHABLE_CODE = YES;
				CLANG_WARN__DUPLICATE_METHOD_MATCH = YES;
				COPY_PHASE_STRIP = NO;
				DEBUG_INFORMATION_FORMAT = dwarf;
				ENABLE_STRICT_OBJC_MSGSEND = YES;
				ENABLE_TESTABILITY = YES;
				GCC_C_LANGUAGE_STANDARD = gnu11;
				GCC_DYNAMIC_NO_PIC = NO;
				GCC_NO_COMMON_BLOCKS = YES;
				GCC_OPTIMIZATION_LEVEL = 0;
				GCC_PREPROCESSOR_DEFINITIONS = (
					"DEBUG=1",
					"$(inherited)",
				);
				GCC_WARN_64_TO_32_BIT_CONVERSION = YES;
				GCC_WARN_ABOUT_RETURN_TYPE = YES_ERROR;
				GCC_WARN_UNDECLARED_SELECTOR = YES;
				GCC_WARN_UNINITIALIZED_AUTOS = YES_AGGRESSIVE;
				GCC_WARN_UNUSED_FUNCTION = YES;
				GCC_WARN_UNUSED_VARIABLE = YES;
				IPHONEOS_DEPLOYMENT_TARGET = 15.4;
				MTL_ENABLE_DEBUG_INFO = INCLUDE_SOURCE;
				MTL_FAST_MATH = YES;
				ONLY_ACTIVE_ARCH = YES;
				SDKROOT = iphoneos;
				SWIFT_ACTIVE_COMPILATION_CONDITIONS = DEBUG;
				SWIFT_OPTIMIZATION_LEVEL = "-Onone";
			};
			name = Debug;
		};
		4135CAE1280D0347006BA432 /* Release */ = {
			isa = XCBuildConfiguration;
			buildSettings = {
				ALWAYS_SEARCH_USER_PATHS = NO;
				CLANG_ANALYZER_NONNULL = YES;
				CLANG_ANALYZER_NUMBER_OBJECT_CONVERSION = YES_AGGRESSIVE;
				CLANG_CXX_LANGUAGE_STANDARD = "gnu++17";
				CLANG_ENABLE_MODULES = YES;
				CLANG_ENABLE_OBJC_ARC = YES;
				CLANG_ENABLE_OBJC_WEAK = YES;
				CLANG_WARN_BLOCK_CAPTURE_AUTORELEASING = YES;
				CLANG_WARN_BOOL_CONVERSION = YES;
				CLANG_WARN_COMMA = YES;
				CLANG_WARN_CONSTANT_CONVERSION = YES;
				CLANG_WARN_DEPRECATED_OBJC_IMPLEMENTATIONS = YES;
				CLANG_WARN_DIRECT_OBJC_ISA_USAGE = YES_ERROR;
				CLANG_WARN_DOCUMENTATION_COMMENTS = YES;
				CLANG_WARN_EMPTY_BODY = YES;
				CLANG_WARN_ENUM_CONVERSION = YES;
				CLANG_WARN_INFINITE_RECURSION = YES;
				CLANG_WARN_INT_CONVERSION = YES;
				CLANG_WARN_NON_LITERAL_NULL_CONVERSION = YES;
				CLANG_WARN_OBJC_IMPLICIT_RETAIN_SELF = YES;
				CLANG_WARN_OBJC_LITERAL_CONVERSION = YES;
				CLANG_WARN_OBJC_ROOT_CLASS = YES_ERROR;
				CLANG_WARN_QUOTED_INCLUDE_IN_FRAMEWORK_HEADER = YES;
				CLANG_WARN_RANGE_LOOP_ANALYSIS = YES;
				CLANG_WARN_STRICT_PROTOTYPES = YES;
				CLANG_WARN_SUSPICIOUS_MOVE = YES;
				CLANG_WARN_UNGUARDED_AVAILABILITY = YES_AGGRESSIVE;
				CLANG_WARN_UNREACHABLE_CODE = YES;
				CLANG_WARN__DUPLICATE_METHOD_MATCH = YES;
				COPY_PHASE_STRIP = NO;
				DEBUG_INFORMATION_FORMAT = "dwarf-with-dsym";
				ENABLE_NS_ASSERTIONS = NO;
				ENABLE_STRICT_OBJC_MSGSEND = YES;
				GCC_C_LANGUAGE_STANDARD = gnu11;
				GCC_NO_COMMON_BLOCKS = YES;
				GCC_WARN_64_TO_32_BIT_CONVERSION = YES;
				GCC_WARN_ABOUT_RETURN_TYPE = YES_ERROR;
				GCC_WARN_UNDECLARED_SELECTOR = YES;
				GCC_WARN_UNINITIALIZED_AUTOS = YES_AGGRESSIVE;
				GCC_WARN_UNUSED_FUNCTION = YES;
				GCC_WARN_UNUSED_VARIABLE = YES;
				IPHONEOS_DEPLOYMENT_TARGET = 15.4;
				MTL_ENABLE_DEBUG_INFO = NO;
				MTL_FAST_MATH = YES;
				SDKROOT = iphoneos;
				SWIFT_COMPILATION_MODE = wholemodule;
				SWIFT_OPTIMIZATION_LEVEL = "-O";
				VALIDATE_PRODUCT = YES;
			};
			name = Release;
		};
		4135CAE3280D0347006BA432 /* Debug */ = {
			isa = XCBuildConfiguration;
			buildSettings = {
				ASSETCATALOG_COMPILER_APPICON_NAME = AppIcon;
				ASSETCATALOG_COMPILER_GLOBAL_ACCENT_COLOR_NAME = AccentColor;
				CODE_SIGN_STYLE = Automatic;
				CURRENT_PROJECT_VERSION = 1;
				DEVELOPMENT_TEAM = ZADA25JZ4A;
				GENERATE_INFOPLIST_FILE = YES;
				INFOPLIST_FILE = "Cripto Collection/Info.plist";
				INFOPLIST_KEY_UIApplicationSupportsIndirectInputEvents = YES;
				INFOPLIST_KEY_UILaunchStoryboardName = LaunchScreen;
				INFOPLIST_KEY_UIMainStoryboardFile = Main;
				INFOPLIST_KEY_UISupportedInterfaceOrientations_iPad = "UIInterfaceOrientationPortrait UIInterfaceOrientationPortraitUpsideDown UIInterfaceOrientationLandscapeLeft UIInterfaceOrientationLandscapeRight";
				INFOPLIST_KEY_UISupportedInterfaceOrientations_iPhone = "UIInterfaceOrientationPortrait UIInterfaceOrientationLandscapeLeft UIInterfaceOrientationLandscapeRight";
				LD_RUNPATH_SEARCH_PATHS = (
					"$(inherited)",
					"@executable_path/Frameworks",
				);
				MARKETING_VERSION = 1.0;
				PRODUCT_BUNDLE_IDENTIFIER = "com.YourCompany.Cripto-Collection";
				PRODUCT_NAME = "$(TARGET_NAME)";
				SWIFT_EMIT_LOC_STRINGS = YES;
				SWIFT_VERSION = 5.0;
				TARGETED_DEVICE_FAMILY = 1;
			};
			name = Debug;
		};
		4135CAE4280D0347006BA432 /* Release */ = {
			isa = XCBuildConfiguration;
			buildSettings = {
				ASSETCATALOG_COMPILER_APPICON_NAME = AppIcon;
				ASSETCATALOG_COMPILER_GLOBAL_ACCENT_COLOR_NAME = AccentColor;
				CODE_SIGN_STYLE = Automatic;
				CURRENT_PROJECT_VERSION = 1;
				DEVELOPMENT_TEAM = ZADA25JZ4A;
				GENERATE_INFOPLIST_FILE = YES;
				INFOPLIST_FILE = "Cripto Collection/Info.plist";
				INFOPLIST_KEY_UIApplicationSupportsIndirectInputEvents = YES;
				INFOPLIST_KEY_UILaunchStoryboardName = LaunchScreen;
				INFOPLIST_KEY_UIMainStoryboardFile = Main;
				INFOPLIST_KEY_UISupportedInterfaceOrientations_iPad = "UIInterfaceOrientationPortrait UIInterfaceOrientationPortraitUpsideDown UIInterfaceOrientationLandscapeLeft UIInterfaceOrientationLandscapeRight";
				INFOPLIST_KEY_UISupportedInterfaceOrientations_iPhone = "UIInterfaceOrientationPortrait UIInterfaceOrientationLandscapeLeft UIInterfaceOrientationLandscapeRight";
				LD_RUNPATH_SEARCH_PATHS = (
					"$(inherited)",
					"@executable_path/Frameworks",
				);
				MARKETING_VERSION = 1.0;
				PRODUCT_BUNDLE_IDENTIFIER = "com.YourCompany.Cripto-Collection";
				PRODUCT_NAME = "$(TARGET_NAME)";
				SWIFT_EMIT_LOC_STRINGS = YES;
				SWIFT_VERSION = 5.0;
				TARGETED_DEVICE_FAMILY = 1;
			};
			name = Release;
		};
/* End XCBuildConfiguration section */

/* Begin XCConfigurationList section */
		4135CAC9280D0344006BA432 /* Build configuration list for PBXProject "Cripto Collection" */ = {
			isa = XCConfigurationList;
			buildConfigurations = (
				4135CAE0280D0347006BA432 /* Debug */,
				4135CAE1280D0347006BA432 /* Release */,
			);
			defaultConfigurationIsVisible = 0;
			defaultConfigurationName = Release;
		};
		4135CAE2280D0347006BA432 /* Build configuration list for PBXNativeTarget "Cripto Collection" */ = {
			isa = XCConfigurationList;
			buildConfigurations = (
				4135CAE3280D0347006BA432 /* Debug */,
				4135CAE4280D0347006BA432 /* Release */,
			);
			defaultConfigurationIsVisible = 0;
			defaultConfigurationName = Release;
		};
/* End XCConfigurationList section */
	};
	rootObject = 4135CAC6280D0344006BA432 /* Project object */;
}
